// !$*UTF8*$!
{
	archiveVersion = 1;
	classes = {
	};
	objectVersion = 50;
	objects = {

/* Begin PBXBuildFile section */
		18CE256B22F09DF500800DC1 /* ViewFinderProjectDay6.xcdatamodeld in Sources */ = {isa = PBXBuildFile; fileRef = 18CE256922F09DF500800DC1 /* ViewFinderProjectDay6.xcdatamodeld */; };
		18D8BD3C22EF6BAA0031572E /* AppDelegate.swift in Sources */ = {isa = PBXBuildFile; fileRef = 18D8BD3B22EF6BAA0031572E /* AppDelegate.swift */; };
		18D8BD4122EF6BAA0031572E /* Main.storyboard in Resources */ = {isa = PBXBuildFile; fileRef = 18D8BD3F22EF6BAA0031572E /* Main.storyboard */; };
		18D8BD4622EF6BAB0031572E /* Assets.xcassets in Resources */ = {isa = PBXBuildFile; fileRef = 18D8BD4522EF6BAB0031572E /* Assets.xcassets */; };
		18D8BD4922EF6BAB0031572E /* LaunchScreen.storyboard in Resources */ = {isa = PBXBuildFile; fileRef = 18D8BD4722EF6BAB0031572E /* LaunchScreen.storyboard */; };
		18D8BD5122EF83820031572E /* AddPhotoViewController.swift in Sources */ = {isa = PBXBuildFile; fileRef = 18D8BD5022EF83820031572E /* AddPhotoViewController.swift */; };
		18D8BD5322EF8C9F0031572E /* PostTableViewController.swift in Sources */ = {isa = PBXBuildFile; fileRef = 18D8BD5222EF8C9F0031572E /* PostTableViewController.swift */; };
/* End PBXBuildFile section */

/* Begin PBXFileReference section */
		18CE256A22F09DF500800DC1 /* ViewFinderProjectDay6.xcdatamodel */ = {isa = PBXFileReference; lastKnownFileType = wrapper.xcdatamodel; path = ViewFinderProjectDay6.xcdatamodel; sourceTree = "<group>"; };
		18D8BD3822EF6BAA0031572E /* ViewFinderProjectDay6.app */ = {isa = PBXFileReference; explicitFileType = wrapper.application; includeInIndex = 0; path = ViewFinderProjectDay6.app; sourceTree = BUILT_PRODUCTS_DIR; };
		18D8BD3B22EF6BAA0031572E /* AppDelegate.swift */ = {isa = PBXFileReference; lastKnownFileType = sourcecode.swift; path = AppDelegate.swift; sourceTree = "<group>"; };
		18D8BD4022EF6BAA0031572E /* Base */ = {isa = PBXFileReference; lastKnownFileType = file.storyboard; name = Base; path = Base.lproj/Main.storyboard; sourceTree = "<group>"; };
		18D8BD4522EF6BAB0031572E /* Assets.xcassets */ = {isa = PBXFileReference; lastKnownFileType = folder.assetcatalog; path = Assets.xcassets; sourceTree = "<group>"; };
		18D8BD4822EF6BAB0031572E /* Base */ = {isa = PBXFileReference; lastKnownFileType = file.storyboard; name = Base; path = Base.lproj/LaunchScreen.storyboard; sourceTree = "<group>"; };
		18D8BD4A22EF6BAB0031572E /* Info.plist */ = {isa = PBXFileReference; lastKnownFileType = text.plist.xml; path = Info.plist; sourceTree = "<group>"; };
		18D8BD5022EF83820031572E /* AddPhotoViewController.swift */ = {isa = PBXFileReference; lastKnownFileType = sourcecode.swift; path = AddPhotoViewController.swift; sourceTree = "<group>"; };
		18D8BD5222EF8C9F0031572E /* PostTableViewController.swift */ = {isa = PBXFileReference; lastKnownFileType = sourcecode.swift; path = PostTableViewController.swift; sourceTree = "<group>"; };
/* End PBXFileReference section */

/* Begin PBXFrameworksBuildPhase section */
		18D8BD3522EF6BAA0031572E /* Frameworks */ = {
			isa = PBXFrameworksBuildPhase;
			buildActionMask = 2147483647;
			files = (
			);
			runOnlyForDeploymentPostprocessing = 0;
		};
/* End PBXFrameworksBuildPhase section */

/* Begin PBXGroup section */
		18D8BD2F22EF6BAA0031572E = {
			isa = PBXGroup;
			children = (
				18D8BD3A22EF6BAA0031572E /* ViewFinderProjectDay6 */,
				18D8BD3922EF6BAA0031572E /* Products */,
			);
			sourceTree = "<group>";
		};
		18D8BD3922EF6BAA0031572E /* Products */ = {
			isa = PBXGroup;
			children = (
				18D8BD3822EF6BAA0031572E /* ViewFinderProjectDay6.app */,
			);
			name = Products;
			sourceTree = "<group>";
		};
		18D8BD3A22EF6BAA0031572E /* ViewFinderProjectDay6 */ = {
			isa = PBXGroup;
			children = (
				18D8BD3B22EF6BAA0031572E /* AppDelegate.swift */,
				18D8BD3F22EF6BAA0031572E /* Main.storyboard */,
				18D8BD4522EF6BAB0031572E /* Assets.xcassets */,
				18D8BD4722EF6BAB0031572E /* LaunchScreen.storyboard */,
				18D8BD5222EF8C9F0031572E /* PostTableViewController.swift */,
				18D8BD5022EF83820031572E /* AddPhotoViewController.swift */,
				18D8BD4A22EF6BAB0031572E /* Info.plist */,
				18CE256922F09DF500800DC1 /* ViewFinderProjectDay6.xcdatamodeld */,
			);
			path = ViewFinderProjectDay6;
			sourceTree = "<group>";
		};
/* End PBXGroup section */

/* Begin PBXNativeTarget section */
		18D8BD3722EF6BAA0031572E /* ViewFinderProjectDay6 */ = {
			isa = PBXNativeTarget;
			buildConfigurationList = 18D8BD4D22EF6BAB0031572E /* Build configuration list for PBXNativeTarget "ViewFinderProjectDay6" */;
			buildPhases = (
				18D8BD3422EF6BAA0031572E /* Sources */,
				18D8BD3522EF6BAA0031572E /* Frameworks */,
				18D8BD3622EF6BAA0031572E /* Resources */,
			);
			buildRules = (
			);
			dependencies = (
			);
			name = ViewFinderProjectDay6;
			productName = ViewFinderProjectDay6;
			productReference = 18D8BD3822EF6BAA0031572E /* ViewFinderProjectDay6.app */;
			productType = "com.apple.product-type.application";
		};
/* End PBXNativeTarget section */

/* Begin PBXProject section */
		18D8BD3022EF6BAA0031572E /* Project object */ = {
			isa = PBXProject;
			attributes = {
				LastSwiftUpdateCheck = 1020;
				LastUpgradeCheck = 1020;
				ORGANIZATIONNAME = Apple;
				TargetAttributes = {
					18D8BD3722EF6BAA0031572E = {
						CreatedOnToolsVersion = 10.2.1;
					};
				};
			};
			buildConfigurationList = 18D8BD3322EF6BAA0031572E /* Build configuration list for PBXProject "ViewFinderProjectDay6" */;
			compatibilityVersion = "Xcode 9.3";
			developmentRegion = en;
			hasScannedForEncodings = 0;
			knownRegions = (
				en,
				Base,
			);
			mainGroup = 18D8BD2F22EF6BAA0031572E;
			productRefGroup = 18D8BD3922EF6BAA0031572E /* Products */;
			projectDirPath = "";
			projectRoot = "";
			targets = (
				18D8BD3722EF6BAA0031572E /* ViewFinderProjectDay6 */,
			);
		};
/* End PBXProject section */

/* Begin PBXResourcesBuildPhase section */
		18D8BD3622EF6BAA0031572E /* Resources */ = {
			isa = PBXResourcesBuildPhase;
			buildActionMask = 2147483647;
			files = (
				18D8BD4922EF6BAB0031572E /* LaunchScreen.storyboard in Resources */,
				18D8BD4622EF6BAB0031572E /* Assets.xcassets in Resources */,
				18D8BD4122EF6BAA0031572E /* Main.storyboard in Resources */,
			);
			runOnlyForDeploymentPostprocessing = 0;
		};
/* End PBXResourcesBuildPhase section */

/* Begin PBXSourcesBuildPhase section */
		18D8BD3422EF6BAA0031572E /* Sources */ = {
			isa = PBXSourcesBuildPhase;
			buildActionMask = 2147483647;
			files = (
				18CE256B22F09DF500800DC1 /* ViewFinderProjectDay6.xcdatamodeld in Sources */,
				18D8BD5322EF8C9F0031572E /* PostTableViewController.swift in Sources */,
				18D8BD5122EF83820031572E /* AddPhotoViewController.swift in Sources */,
				18D8BD3C22EF6BAA0031572E /* AppDelegate.swift in Sources */,
			);
			runOnlyForDeploymentPostprocessing = 0;
		};
/* End PBXSourcesBuildPhase section */

/* Begin PBXVariantGroup section */
		18D8BD3F22EF6BAA0031572E /* Main.storyboard */ = {
			isa = PBXVariantGroup;
			children = (
				18D8BD4022EF6BAA0031572E /* Base */,
			);
			name = Main.storyboard;
			sourceTree = "<group>";
		};
		18D8BD4722EF6BAB0031572E /* LaunchScreen.storyboard */ = {
			isa = PBXVariantGroup;
			children = (
				18D8BD4822EF6BAB0031572E /* Base */,
			);
			name = LaunchScreen.storyboard;
			sourceTree = "<group>";
		};
/* End PBXVariantGroup section */

/* Begin XCBuildConfiguration section */
		18D8BD4B22EF6BAB0031572E /* Debug */ = {
			isa = XCBuildConfiguration;
			buildSettings = {
				ALWAYS_SEARCH_USER_PATHS = NO;
				CLANG_ANALYZER_NONNULL = YES;
				CLANG_ANALYZER_NUMBER_OBJECT_CONVERSION = YES_AGGRESSIVE;
				CLANG_CXX_LANGUAGE_STANDARD = "gnu++14";
				CLANG_CXX_LIBRARY = "libc++";
				CLANG_ENABLE_MODULES = YES;
				CLANG_ENABLE_OBJC_ARC = YES;
				CLANG_ENABLE_OBJC_WEAK = YES;
				CLANG_WARN_BLOCK_CAPTURE_AUTORELEASING = YES;
				CLANG_WARN_BOOL_CONVERSION = YES;
				CLANG_WARN_COMMA = YES;
				CLANG_WARN_CONSTANT_CONVERSION = YES;
				CLANG_WARN_DEPRECATED_OBJC_IMPLEMENTATIONS = YES;
				CLANG_WARN_DIRECT_OBJC_ISA_USAGE = YES_ERROR;
				CLANG_WARN_DOCUMENTATION_COMMENTS = YES;
				CLANG_WARN_EMPTY_BODY = YES;
				CLANG_WARN_ENUM_CONVERSION = YES;
				CLANG_WARN_INFINITE_RECURSION = YES;
				CLANG_WARN_INT_CONVERSION = YES;
				CLANG_WARN_NON_LITERAL_NULL_CONVERSION = YES;
				CLANG_WARN_OBJC_IMPLICIT_RETAIN_SELF = YES;
				CLANG_WARN_OBJC_LITERAL_CONVERSION = YES;
				CLANG_WARN_OBJC_ROOT_CLASS = YES_ERROR;
				CLANG_WARN_RANGE_LOOP_ANALYSIS = YES;
				CLANG_WARN_STRICT_PROTOTYPES = YES;
				CLANG_WARN_SUSPICIOUS_MOVE = YES;
				CLANG_WARN_UNGUARDED_AVAILABILITY = YES_AGGRESSIVE;
				CLANG_WARN_UNREACHABLE_CODE = YES;
				CLANG_WARN__DUPLICATE_METHOD_MATCH = YES;
				CODE_SIGN_IDENTITY = "iPhone Developer";
				COPY_PHASE_STRIP = NO;
				DEBUG_INFORMATION_FORMAT = dwarf;
				ENABLE_STRICT_OBJC_MSGSEND = YES;
				ENABLE_TESTABILITY = YES;
				GCC_C_LANGUAGE_STANDARD = gnu11;
				GCC_DYNAMIC_NO_PIC = NO;
				GCC_NO_COMMON_BLOCKS = YES;
				GCC_OPTIMIZATION_LEVEL = 0;
				GCC_PREPROCESSOR_DEFINITIONS = (
					"DEBUG=1",
					"$(inherited)",
				);
				GCC_WARN_64_TO_32_BIT_CONVERSION = YES;
				GCC_WARN_ABOUT_RETURN_TYPE = YES_ERROR;
				GCC_WARN_UNDECLARED_SELECTOR = YES;
				GCC_WARN_UNINITIALIZED_AUTOS = YES_AGGRESSIVE;
				GCC_WARN_UNUSED_FUNCTION = YES;
				GCC_WARN_UNUSED_VARIABLE = YES;
				IPHONEOS_DEPLOYMENT_TARGET = 12.2;
				MTL_ENABLE_DEBUG_INFO = INCLUDE_SOURCE;
				MTL_FAST_MATH = YES;
				ONLY_ACTIVE_ARCH = YES;
				SDKROOT = iphoneos;
				SWIFT_ACTIVE_COMPILATION_CONDITIONS = DEBUG;
				SWIFT_OPTIMIZATION_LEVEL = "-Onone";
			};
			name = Debug;
		};
		18D8BD4C22EF6BAB0031572E /* Release */ = {
			isa = XCBuildConfiguration;
			buildSettings = {
				ALWAYS_SEARCH_USER_PATHS = NO;
				CLANG_ANALYZER_NONNULL = YES;
				CLANG_ANALYZER_NUMBER_OBJECT_CONVERSION = YES_AGGRESSIVE;
				CLANG_CXX_LANGUAGE_STANDARD = "gnu++14";
				CLANG_CXX_LIBRARY = "libc++";
				CLANG_ENABLE_MODULES = YES;
				CLANG_ENABLE_OBJC_ARC = YES;
				CLANG_ENABLE_OBJC_WEAK = YES;
				CLANG_WARN_BLOCK_CAPTURE_AUTORELEASING = YES;
				CLANG_WARN_BOOL_CONVERSION = YES;
				CLANG_WARN_COMMA = YES;
				CLANG_WARN_CONSTANT_CONVERSION = YES;
				CLANG_WARN_DEPRECATED_OBJC_IMPLEMENTATIONS = YES;
				CLANG_WARN_DIRECT_OBJC_ISA_USAGE = YES_ERROR;
				CLANG_WARN_DOCUMENTATION_COMMENTS = YES;
				CLANG_WARN_EMPTY_BODY = YES;
				CLANG_WARN_ENUM_CONVERSION = YES;
				CLANG_WARN_INFINITE_RECURSION = YES;
				CLANG_WARN_INT_CONVERSION = YES;
				CLANG_WARN_NON_LITERAL_NULL_CONVERSION = YES;
				CLANG_WARN_OBJC_IMPLICIT_RETAIN_SELF = YES;
				CLANG_WARN_OBJC_LITERAL_CONVERSION = YES;
				CLANG_WARN_OBJC_ROOT_CLASS = YES_ERROR;
				CLANG_WARN_RANGE_LOOP_ANALYSIS = YES;
				CLANG_WARN_STRICT_PROTOTYPES = YES;
				CLANG_WARN_SUSPICIOUS_MOVE = YES;
				CLANG_WARN_UNGUARDED_AVAILABILITY = YES_AGGRESSIVE;
				CLANG_WARN_UNREACHABLE_CODE = YES;
				CLANG_WARN__DUPLICATE_METHOD_MATCH = YES;
				CODE_SIGN_IDENTITY = "iPhone Developer";
				COPY_PHASE_STRIP = NO;
				DEBUG_INFORMATION_FORMAT = "dwarf-with-dsym";
				ENABLE_NS_ASSERTIONS = NO;
				ENABLE_STRICT_OBJC_MSGSEND = YES;
				GCC_C_LANGUAGE_STANDARD = gnu11;
				GCC_NO_COMMON_BLOCKS = YES;
				GCC_WARN_64_TO_32_BIT_CONVERSION = YES;
				GCC_WARN_ABOUT_RETURN_TYPE = YES_ERROR;
				GCC_WARN_UNDECLARED_SELECTOR = YES;
				GCC_WARN_UNINITIALIZED_AUTOS = YES_AGGRESSIVE;
				GCC_WARN_UNUSED_FUNCTION = YES;
				GCC_WARN_UNUSED_VARIABLE = YES;
				IPHONEOS_DEPLOYMENT_TARGET = 12.2;
				MTL_ENABLE_DEBUG_INFO = NO;
				MTL_FAST_MATH = YES;
				SDKROOT = iphoneos;
				SWIFT_COMPILATION_MODE = wholemodule;
				SWIFT_OPTIMIZATION_LEVEL = "-O";
				VALIDATE_PRODUCT = YES;
			};
			name = Release;
		};
		18D8BD4E22EF6BAB0031572E /* Debug */ = {
			isa = XCBuildConfiguration;
			buildSettings = {
				ASSETCATALOG_COMPILER_APPICON_NAME = AppIcon;
				CODE_SIGN_STYLE = Automatic;
				DEVELOPMENT_TEAM = N225YJN8DG;
				INFOPLIST_FILE = ViewFinderProjectDay6/Info.plist;
				LD_RUNPATH_SEARCH_PATHS = (
					"$(inherited)",
					"@executable_path/Frameworks",
				);
				PRODUCT_BUNDLE_IDENTIFIER = KWK.ViewFinderProjectDay6;
				PRODUCT_NAME = "$(TARGET_NAME)";
				SWIFT_VERSION = 5.0;
				TARGETED_DEVICE_FAMILY = "1,2";
			};
			name = Debug;
		};
		18D8BD4F22EF6BAB0031572E /* Release */ = {
			isa = XCBuildConfiguration;
			buildSettings = {
				ASSETCATALOG_COMPILER_APPICON_NAME = AppIcon;
				CODE_SIGN_STYLE = Automatic;
				DEVELOPMENT_TEAM = N225YJN8DG;
				INFOPLIST_FILE = ViewFinderProjectDay6/Info.plist;
				LD_RUNPATH_SEARCH_PATHS = (
					"$(inherited)",
					"@executable_path/Frameworks",
				);
				PRODUCT_BUNDLE_IDENTIFIER = KWK.ViewFinderProjectDay6;
				PRODUCT_NAME = "$(TARGET_NAME)";
				SWIFT_VERSION = 5.0;
				TARGETED_DEVICE_FAMILY = "1,2";
			};
			name = Release;
		};
/* End XCBuildConfiguration section */

/* Begin XCConfigurationList section */
		18D8BD3322EF6BAA0031572E /* Build configuration list for PBXProject "ViewFinderProjectDay6" */ = {
			isa = XCConfigurationList;
			buildConfigurations = (
				18D8BD4B22EF6BAB0031572E /* Debug */,
				18D8BD4C22EF6BAB0031572E /* Release */,
			);
			defaultConfigurationIsVisible = 0;
			defaultConfigurationName = Release;
		};
		18D8BD4D22EF6BAB0031572E /* Build configuration list for PBXNativeTarget "ViewFinderProjectDay6" */ = {
			isa = XCConfigurationList;
			buildConfigurations = (
				18D8BD4E22EF6BAB0031572E /* Debug */,
				18D8BD4F22EF6BAB0031572E /* Release */,
			);
			defaultConfigurationIsVisible = 0;
			defaultConfigurationName = Release;
		};
/* End XCConfigurationList section */

/* Begin XCVersionGroup section */
		18CE256922F09DF500800DC1 /* ViewFinderProjectDay6.xcdatamodeld */ = {
			isa = XCVersionGroup;
			children = (
				18CE256A22F09DF500800DC1 /* ViewFinderProjectDay6.xcdatamodel */,
			);
			currentVersion = 18CE256A22F09DF500800DC1 /* ViewFinderProjectDay6.xcdatamodel */;
			path = ViewFinderProjectDay6.xcdatamodeld;
			sourceTree = "<group>";
			versionGroupType = wrapper.xcdatamodel;
		};
/* End XCVersionGroup section */
	};
	rootObject = 18D8BD3022EF6BAA0031572E /* Project object */;
}
